// !$*UTF8*$!
{
	archiveVersion = 1;
	classes = {
	};
	objectVersion = 56;
	objects = {

/* Begin PBXBuildFile section */
		D61B43A829D603840099A448 /* RecipeTabView.swift in Sources */ = {isa = PBXBuildFile; fileRef = D61B43A729D603840099A448 /* RecipeTabView.swift */; };
		D6CA476929D2169B00D68994 /* recipes.json in Resources */ = {isa = PBXBuildFile; fileRef = D6CA476829D2169B00D68994 /* recipes.json */; };
		D6CA476D29D21E9600D68994 /* data.json in Resources */ = {isa = PBXBuildFile; fileRef = D6CA476C29D21E9600D68994 /* data.json */; };
		D6CA476F29D2227200D68994 /* DataService.swift in Sources */ = {isa = PBXBuildFile; fileRef = D6CA476E29D2227200D68994 /* DataService.swift */; };
		D6CA477429D36ACB00D68994 /* RecipeDetailView.swift in Sources */ = {isa = PBXBuildFile; fileRef = D6CA477329D36ACB00D68994 /* RecipeDetailView.swift */; };
		D6DC274029CD5C64007A24C6 /* Recipe_List_App.swift in Sources */ = {isa = PBXBuildFile; fileRef = D6DC273F29CD5C64007A24C6 /* Recipe_List_App.swift */; };
		D6DC274229CD5C64007A24C6 /* RecipeListView.swift in Sources */ = {isa = PBXBuildFile; fileRef = D6DC274129CD5C64007A24C6 /* RecipeListView.swift */; };
		D6DC274429CD5C65007A24C6 /* Assets.xcassets in Resources */ = {isa = PBXBuildFile; fileRef = D6DC274329CD5C65007A24C6 /* Assets.xcassets */; };
		D6DC274729CD5C65007A24C6 /* Preview Assets.xcassets in Resources */ = {isa = PBXBuildFile; fileRef = D6DC274629CD5C65007A24C6 /* Preview Assets.xcassets */; };
		D6DC275529CE5F19007A24C6 /* Recipe.swift in Sources */ = {isa = PBXBuildFile; fileRef = D6DC275429CE5F19007A24C6 /* Recipe.swift */; };
		D6DC275729CE5FA1007A24C6 /* RecipeModel.swift in Sources */ = {isa = PBXBuildFile; fileRef = D6DC275629CE5FA1007A24C6 /* RecipeModel.swift */; };
/* End PBXBuildFile section */

/* Begin PBXFileReference section */
		D61B43A729D603840099A448 /* RecipeTabView.swift */ = {isa = PBXFileReference; lastKnownFileType = sourcecode.swift; path = RecipeTabView.swift; sourceTree = "<group>"; };
		D6CA476829D2169B00D68994 /* recipes.json */ = {isa = PBXFileReference; fileEncoding = 4; lastKnownFileType = text.json; path = recipes.json; sourceTree = "<group>"; };
		D6CA476C29D21E9600D68994 /* data.json */ = {isa = PBXFileReference; lastKnownFileType = text.json; path = data.json; sourceTree = "<group>"; };
		D6CA476E29D2227200D68994 /* DataService.swift */ = {isa = PBXFileReference; lastKnownFileType = sourcecode.swift; path = DataService.swift; sourceTree = "<group>"; };
		D6CA477329D36ACB00D68994 /* RecipeDetailView.swift */ = {isa = PBXFileReference; lastKnownFileType = sourcecode.swift; path = RecipeDetailView.swift; sourceTree = "<group>"; };
		D6DBD52329D5FA1D007B8667 /* README.md */ = {isa = PBXFileReference; lastKnownFileType = net.daringfireball.markdown; path = README.md; sourceTree = "<group>"; };
		D6DC273C29CD5C64007A24C6 /* Recipe List App.app */ = {isa = PBXFileReference; explicitFileType = wrapper.application; includeInIndex = 0; path = "Recipe List App.app"; sourceTree = BUILT_PRODUCTS_DIR; };
		D6DC273F29CD5C64007A24C6 /* Recipe_List_App.swift */ = {isa = PBXFileReference; lastKnownFileType = sourcecode.swift; path = Recipe_List_App.swift; sourceTree = "<group>"; };
		D6DC274129CD5C64007A24C6 /* RecipeListView.swift */ = {isa = PBXFileReference; lastKnownFileType = sourcecode.swift; path = RecipeListView.swift; sourceTree = "<group>"; };
		D6DC274329CD5C65007A24C6 /* Assets.xcassets */ = {isa = PBXFileReference; lastKnownFileType = folder.assetcatalog; path = Assets.xcassets; sourceTree = "<group>"; };
		D6DC274629CD5C65007A24C6 /* Preview Assets.xcassets */ = {isa = PBXFileReference; lastKnownFileType = folder.assetcatalog; path = "Preview Assets.xcassets"; sourceTree = "<group>"; };
		D6DC275429CE5F19007A24C6 /* Recipe.swift */ = {isa = PBXFileReference; lastKnownFileType = sourcecode.swift; path = Recipe.swift; sourceTree = "<group>"; };
		D6DC275629CE5FA1007A24C6 /* RecipeModel.swift */ = {isa = PBXFileReference; lastKnownFileType = sourcecode.swift; path = RecipeModel.swift; sourceTree = "<group>"; };
/* End PBXFileReference section */

/* Begin PBXFrameworksBuildPhase section */
		D6DC273929CD5C64007A24C6 /* Frameworks */ = {
			isa = PBXFrameworksBuildPhase;
			buildActionMask = 2147483647;
			files = (
			);
			runOnlyForDeploymentPostprocessing = 0;
		};
/* End PBXFrameworksBuildPhase section */

/* Begin PBXGroup section */
		D6CA475F29D0C7C200D68994 /* Data */ = {
			isa = PBXGroup;
			children = (
				D6CA476829D2169B00D68994 /* recipes.json */,
				D6CA476C29D21E9600D68994 /* data.json */,
			);
			path = Data;
			sourceTree = "<group>";
		};
		D6CA476529D2150700D68994 /* Services */ = {
			isa = PBXGroup;
			children = (
				D6CA476E29D2227200D68994 /* DataService.swift */,
			);
			path = Services;
			sourceTree = "<group>";
		};
		D6DC273329CD5C64007A24C6 = {
			isa = PBXGroup;
			children = (
				D6DBD52329D5FA1D007B8667 /* README.md */,
				D6DC273E29CD5C64007A24C6 /* Recipe List App */,
				D6DC273D29CD5C64007A24C6 /* Products */,
			);
			sourceTree = "<group>";
		};
		D6DC273D29CD5C64007A24C6 /* Products */ = {
			isa = PBXGroup;
			children = (
				D6DC273C29CD5C64007A24C6 /* Recipe List App.app */,
			);
			name = Products;
			sourceTree = "<group>";
		};
		D6DC273E29CD5C64007A24C6 /* Recipe List App */ = {
			isa = PBXGroup;
			children = (
				D6DC273F29CD5C64007A24C6 /* Recipe_List_App.swift */,
				D6DC275129CE5D79007A24C6 /* Views */,
				D6DC275329CE5D89007A24C6 /* ViewModels */,
				D6DC275229CE5D86007A24C6 /* Models */,
				D6CA476529D2150700D68994 /* Services */,
				D6CA475F29D0C7C200D68994 /* Data */,
				D6DC274329CD5C65007A24C6 /* Assets.xcassets */,
				D6DC274529CD5C65007A24C6 /* Preview Content */,
			);
			path = "Recipe List App";
			sourceTree = "<group>";
		};
		D6DC274529CD5C65007A24C6 /* Preview Content */ = {
			isa = PBXGroup;
			children = (
				D6DC274629CD5C65007A24C6 /* Preview Assets.xcassets */,
			);
			path = "Preview Content";
			sourceTree = "<group>";
		};
		D6DC275129CE5D79007A24C6 /* Views */ = {
			isa = PBXGroup;
			children = (
				D61B43A729D603840099A448 /* RecipeTabView.swift */,
				D6DC274129CD5C64007A24C6 /* RecipeListView.swift */,
				D6CA477329D36ACB00D68994 /* RecipeDetailView.swift */,
			);
			path = Views;
			sourceTree = "<group>";
		};
		D6DC275229CE5D86007A24C6 /* Models */ = {
			isa = PBXGroup;
			children = (
				D6DC275429CE5F19007A24C6 /* Recipe.swift */,
			);
			path = Models;
			sourceTree = "<group>";
		};
		D6DC275329CE5D89007A24C6 /* ViewModels */ = {
			isa = PBXGroup;
			children = (
				D6DC275629CE5FA1007A24C6 /* RecipeModel.swift */,
			);
			path = ViewModels;
			sourceTree = "<group>";
		};
/* End PBXGroup section */

/* Begin PBXNativeTarget section */
		D6DC273B29CD5C64007A24C6 /* Recipe List App */ = {
			isa = PBXNativeTarget;
			buildConfigurationList = D6DC274A29CD5C65007A24C6 /* Build configuration list for PBXNativeTarget "Recipe List App" */;
			buildPhases = (
				D6DC273829CD5C64007A24C6 /* Sources */,
				D6DC273929CD5C64007A24C6 /* Frameworks */,
				D6DC273A29CD5C64007A24C6 /* Resources */,
			);
			buildRules = (
			);
			dependencies = (
			);
			name = "Recipe List App";
			productName = "Recipe List App";
			productReference = D6DC273C29CD5C64007A24C6 /* Recipe List App.app */;
			productType = "com.apple.product-type.application";
		};
/* End PBXNativeTarget section */

/* Begin PBXProject section */
		D6DC273429CD5C64007A24C6 /* Project object */ = {
			isa = PBXProject;
			attributes = {
				BuildIndependentTargetsInParallel = 1;
				LastSwiftUpdateCheck = 1420;
				LastUpgradeCheck = 1420;
				TargetAttributes = {
					D6DC273B29CD5C64007A24C6 = {
						CreatedOnToolsVersion = 14.2;
					};
				};
			};
			buildConfigurationList = D6DC273729CD5C64007A24C6 /* Build configuration list for PBXProject "Recipe List App" */;
			compatibilityVersion = "Xcode 14.0";
			developmentRegion = en;
			hasScannedForEncodings = 0;
			knownRegions = (
				en,
				Base,
			);
			mainGroup = D6DC273329CD5C64007A24C6;
			productRefGroup = D6DC273D29CD5C64007A24C6 /* Products */;
			projectDirPath = "";
			projectRoot = "";
			targets = (
				D6DC273B29CD5C64007A24C6 /* Recipe List App */,
			);
		};
/* End PBXProject section */

/* Begin PBXResourcesBuildPhase section */
		D6DC273A29CD5C64007A24C6 /* Resources */ = {
			isa = PBXResourcesBuildPhase;
			buildActionMask = 2147483647;
			files = (
				D6DC274729CD5C65007A24C6 /* Preview Assets.xcassets in Resources */,
				D6DC274429CD5C65007A24C6 /* Assets.xcassets in Resources */,
				D6CA476929D2169B00D68994 /* recipes.json in Resources */,
				D6CA476D29D21E9600D68994 /* data.json in Resources */,
			);
			runOnlyForDeploymentPostprocessing = 0;
		};
/* End PBXResourcesBuildPhase section */

/* Begin PBXSourcesBuildPhase section */
		D6DC273829CD5C64007A24C6 /* Sources */ = {
			isa = PBXSourcesBuildPhase;
			buildActionMask = 2147483647;
			files = (
				D6DC275529CE5F19007A24C6 /* Recipe.swift in Sources */,
				D6CA477429D36ACB00D68994 /* RecipeDetailView.swift in Sources */,
				D6DC275729CE5FA1007A24C6 /* RecipeModel.swift in Sources */,
				D6DC274229CD5C64007A24C6 /* RecipeListView.swift in Sources */,
				D6DC274029CD5C64007A24C6 /* Recipe_List_App.swift in Sources */,
				D6CA476F29D2227200D68994 /* DataService.swift in Sources */,
				D61B43A829D603840099A448 /* RecipeTabView.swift in Sources */,
			);
			runOnlyForDeploymentPostprocessing = 0;
		};
/* End PBXSourcesBuildPhase section */

/* Begin XCBuildConfiguration section */
		D6DC274829CD5C65007A24C6 /* Debug */ = {
			isa = XCBuildConfiguration;
			buildSettings = {
				ALWAYS_SEARCH_USER_PATHS = NO;
				CLANG_ANALYZER_NONNULL = YES;
				CLANG_ANALYZER_NUMBER_OBJECT_CONVERSION = YES_AGGRESSIVE;
				CLANG_CXX_LANGUAGE_STANDARD = "gnu++20";
				CLANG_ENABLE_MODULES = YES;
				CLANG_ENABLE_OBJC_ARC = YES;
				CLANG_ENABLE_OBJC_WEAK = YES;
				CLANG_WARN_BLOCK_CAPTURE_AUTORELEASING = YES;
				CLANG_WARN_BOOL_CONVERSION = YES;
				CLANG_WARN_COMMA = YES;
				CLANG_WARN_CONSTANT_CONVERSION = YES;
				CLANG_WARN_DEPRECATED_OBJC_IMPLEMENTATIONS = YES;
				CLANG_WARN_DIRECT_OBJC_ISA_USAGE = YES_ERROR;
				CLANG_WARN_DOCUMENTATION_COMMENTS = YES;
				CLANG_WARN_EMPTY_BODY = YES;
				CLANG_WARN_ENUM_CONVERSION = YES;
				CLANG_WARN_INFINITE_RECURSION = YES;
				CLANG_WARN_INT_CONVERSION = YES;
				CLANG_WARN_NON_LITERAL_NULL_CONVERSION = YES;
				CLANG_WARN_OBJC_IMPLICIT_RETAIN_SELF = YES;
				CLANG_WARN_OBJC_LITERAL_CONVERSION = YES;
				CLANG_WARN_OBJC_ROOT_CLASS = YES_ERROR;
				CLANG_WARN_QUOTED_INCLUDE_IN_FRAMEWORK_HEADER = YES;
				CLANG_WARN_RANGE_LOOP_ANALYSIS = YES;
				CLANG_WARN_STRICT_PROTOTYPES = YES;
				CLANG_WARN_SUSPICIOUS_MOVE = YES;
				CLANG_WARN_UNGUARDED_AVAILABILITY = YES_AGGRESSIVE;
				CLANG_WARN_UNREACHABLE_CODE = YES;
				CLANG_WARN__DUPLICATE_METHOD_MATCH = YES;
				COPY_PHASE_STRIP = NO;
				DEBUG_INFORMATION_FORMAT = dwarf;
				ENABLE_STRICT_OBJC_MSGSEND = YES;
				ENABLE_TESTABILITY = YES;
				GCC_C_LANGUAGE_STANDARD = gnu11;
				GCC_DYNAMIC_NO_PIC = NO;
				GCC_NO_COMMON_BLOCKS = YES;
				GCC_OPTIMIZATION_LEVEL = 0;
				GCC_PREPROCESSOR_DEFINITIONS = (
					"DEBUG=1",
					"$(inherited)",
				);
				GCC_WARN_64_TO_32_BIT_CONVERSION = YES;
				GCC_WARN_ABOUT_RETURN_TYPE = YES_ERROR;
				GCC_WARN_UNDECLARED_SELECTOR = YES;
				GCC_WARN_UNINITIALIZED_AUTOS = YES_AGGRESSIVE;
				GCC_WARN_UNUSED_FUNCTION = YES;
				GCC_WARN_UNUSED_VARIABLE = YES;
				IPHONEOS_DEPLOYMENT_TARGET = 16.2;
				MTL_ENABLE_DEBUG_INFO = INCLUDE_SOURCE;
				MTL_FAST_MATH = YES;
				ONLY_ACTIVE_ARCH = YES;
				SDKROOT = iphoneos;
				SWIFT_ACTIVE_COMPILATION_CONDITIONS = DEBUG;
				SWIFT_OPTIMIZATION_LEVEL = "-Onone";
			};
			name = Debug;
		};
		D6DC274929CD5C65007A24C6 /* Release */ = {
			isa = XCBuildConfiguration;
			buildSettings = {
				ALWAYS_SEARCH_USER_PATHS = NO;
				CLANG_ANALYZER_NONNULL = YES;
				CLANG_ANALYZER_NUMBER_OBJECT_CONVERSION = YES_AGGRESSIVE;
				CLANG_CXX_LANGUAGE_STANDARD = "gnu++20";
				CLANG_ENABLE_MODULES = YES;
				CLANG_ENABLE_OBJC_ARC = YES;
				CLANG_ENABLE_OBJC_WEAK = YES;
				CLANG_WARN_BLOCK_CAPTURE_AUTORELEASING = YES;
				CLANG_WARN_BOOL_CONVERSION = YES;
				CLANG_WARN_COMMA = YES;
				CLANG_WARN_CONSTANT_CONVERSION = YES;
				CLANG_WARN_DEPRECATED_OBJC_IMPLEMENTATIONS = YES;
				CLANG_WARN_DIRECT_OBJC_ISA_USAGE = YES_ERROR;
				CLANG_WARN_DOCUMENTATION_COMMENTS = YES;
				CLANG_WARN_EMPTY_BODY = YES;
				CLANG_WARN_ENUM_CONVERSION = YES;
				CLANG_WARN_INFINITE_RECURSION = YES;
				CLANG_WARN_INT_CONVERSION = YES;
				CLANG_WARN_NON_LITERAL_NULL_CONVERSION = YES;
				CLANG_WARN_OBJC_IMPLICIT_RETAIN_SELF = YES;
				CLANG_WARN_OBJC_LITERAL_CONVERSION = YES;
				CLANG_WARN_OBJC_ROOT_CLASS = YES_ERROR;
				CLANG_WARN_QUOTED_INCLUDE_IN_FRAMEWORK_HEADER = YES;
				CLANG_WARN_RANGE_LOOP_ANALYSIS = YES;
				CLANG_WARN_STRICT_PROTOTYPES = YES;
				CLANG_WARN_SUSPICIOUS_MOVE = YES;
				CLANG_WARN_UNGUARDED_AVAILABILITY = YES_AGGRESSIVE;
				CLANG_WARN_UNREACHABLE_CODE = YES;
				CLANG_WARN__DUPLICATE_METHOD_MATCH = YES;
				COPY_PHASE_STRIP = NO;
				DEBUG_INFORMATION_FORMAT = "dwarf-with-dsym";
				ENABLE_NS_ASSERTIONS = NO;
				ENABLE_STRICT_OBJC_MSGSEND = YES;
				GCC_C_LANGUAGE_STANDARD = gnu11;
				GCC_NO_COMMON_BLOCKS = YES;
				GCC_WARN_64_TO_32_BIT_CONVERSION = YES;
				GCC_WARN_ABOUT_RETURN_TYPE = YES_ERROR;
				GCC_WARN_UNDECLARED_SELECTOR = YES;
				GCC_WARN_UNINITIALIZED_AUTOS = YES_AGGRESSIVE;
				GCC_WARN_UNUSED_FUNCTION = YES;
				GCC_WARN_UNUSED_VARIABLE = YES;
				IPHONEOS_DEPLOYMENT_TARGET = 16.2;
				MTL_ENABLE_DEBUG_INFO = NO;
				MTL_FAST_MATH = YES;
				SDKROOT = iphoneos;
				SWIFT_COMPILATION_MODE = wholemodule;
				SWIFT_OPTIMIZATION_LEVEL = "-O";
				VALIDATE_PRODUCT = YES;
			};
			name = Release;
		};
		D6DC274B29CD5C65007A24C6 /* Debug */ = {
			isa = XCBuildConfiguration;
			buildSettings = {
				ASSETCATALOG_COMPILER_APPICON_NAME = AppIcon;
				ASSETCATALOG_COMPILER_GLOBAL_ACCENT_COLOR_NAME = AccentColor;
				CODE_SIGN_STYLE = Automatic;
				CURRENT_PROJECT_VERSION = 1;
				DEVELOPMENT_ASSET_PATHS = "\"Recipe List App/Preview Content\"";
				ENABLE_PREVIEWS = YES;
				GENERATE_INFOPLIST_FILE = YES;
				INFOPLIST_KEY_UIApplicationSceneManifest_Generation = YES;
				INFOPLIST_KEY_UIApplicationSupportsIndirectInputEvents = YES;
				INFOPLIST_KEY_UILaunchScreen_Generation = YES;
				INFOPLIST_KEY_UISupportedInterfaceOrientations_iPad = "UIInterfaceOrientationPortrait UIInterfaceOrientationPortraitUpsideDown UIInterfaceOrientationLandscapeLeft UIInterfaceOrientationLandscapeRight";
				INFOPLIST_KEY_UISupportedInterfaceOrientations_iPhone = "UIInterfaceOrientationPortrait UIInterfaceOrientationLandscapeLeft UIInterfaceOrientationLandscapeRight";
				LD_RUNPATH_SEARCH_PATHS = (
					"$(inherited)",
					"@executable_path/Frameworks",
				);
				MARKETING_VERSION = 1.0;
				PRODUCT_BUNDLE_IDENTIFIER = "com.RecipeListApp.Recipe-List-App";
				PRODUCT_NAME = "$(TARGET_NAME)";
				SWIFT_EMIT_LOC_STRINGS = YES;
				SWIFT_VERSION = 5.0;
				TARGETED_DEVICE_FAMILY = "1,2";
			};
			name = Debug;
		};
		D6DC274C29CD5C65007A24C6 /* Release */ = {
			isa = XCBuildConfiguration;
			buildSettings = {
				ASSETCATALOG_COMPILER_APPICON_NAME = AppIcon;
				ASSETCATALOG_COMPILER_GLOBAL_ACCENT_COLOR_NAME = AccentColor;
				CODE_SIGN_STYLE = Automatic;
				CURRENT_PROJECT_VERSION = 1;
				DEVELOPMENT_ASSET_PATHS = "\"Recipe List App/Preview Content\"";
				ENABLE_PREVIEWS = YES;
				GENERATE_INFOPLIST_FILE = YES;
				INFOPLIST_KEY_UIApplicationSceneManifest_Generation = YES;
				INFOPLIST_KEY_UIApplicationSupportsIndirectInputEvents = YES;
				INFOPLIST_KEY_UILaunchScreen_Generation = YES;
				INFOPLIST_KEY_UISupportedInterfaceOrientations_iPad = "UIInterfaceOrientationPortrait UIInterfaceOrientationPortraitUpsideDown UIInterfaceOrientationLandscapeLeft UIInterfaceOrientationLandscapeRight";
				INFOPLIST_KEY_UISupportedInterfaceOrientations_iPhone = "UIInterfaceOrientationPortrait UIInterfaceOrientationLandscapeLeft UIInterfaceOrientationLandscapeRight";
				LD_RUNPATH_SEARCH_PATHS = (
					"$(inherited)",
					"@executable_path/Frameworks",
				);
				MARKETING_VERSION = 1.0;
				PRODUCT_BUNDLE_IDENTIFIER = "com.RecipeListApp.Recipe-List-App";
				PRODUCT_NAME = "$(TARGET_NAME)";
				SWIFT_EMIT_LOC_STRINGS = YES;
				SWIFT_VERSION = 5.0;
				TARGETED_DEVICE_FAMILY = "1,2";
			};
			name = Release;
		};
/* End XCBuildConfiguration section */

/* Begin XCConfigurationList section */
		D6DC273729CD5C64007A24C6 /* Build configuration list for PBXProject "Recipe List App" */ = {
			isa = XCConfigurationList;
			buildConfigurations = (
				D6DC274829CD5C65007A24C6 /* Debug */,
				D6DC274929CD5C65007A24C6 /* Release */,
			);
			defaultConfigurationIsVisible = 0;
			defaultConfigurationName = Release;
		};
		D6DC274A29CD5C65007A24C6 /* Build configuration list for PBXNativeTarget "Recipe List App" */ = {
			isa = XCConfigurationList;
			buildConfigurations = (
				D6DC274B29CD5C65007A24C6 /* Debug */,
				D6DC274C29CD5C65007A24C6 /* Release */,
			);
			defaultConfigurationIsVisible = 0;
			defaultConfigurationName = Release;
		};
/* End XCConfigurationList section */
	};
	rootObject = D6DC273429CD5C64007A24C6 /* Project object */;
}
